
Microsoft Visual Studio Solution File, Format Version 12.00
# Visual Studio Version 17
VisualStudioVersion = 17.10.34928.147
MinimumVisualStudioVersion = 10.0.40219.1
Project("{FAE04EC0-301F-11D3-BF4B-00C04F79EFBC}") = "CourseManagementSystem_v2", "CourseManagementSystem_v2\CourseManagementSystem_v2.csproj", "{CA8E3253-CA39-47F2-A7C8-BD3A2AF8134D}"
EndProject
Global
	GlobalSection(SolutionConfigurationPlatforms) = preSolution
		Debug|Any CPU = Debug|Any CPU
		Release|Any CPU = Release|Any CPU
	EndGlobalSection
	GlobalSection(ProjectConfigurationPlatforms) = postSolution
		{CA8E3253-CA39-47F2-A7C8-BD3A2AF8134D}.Debug|Any CPU.ActiveCfg = Debug|Any CPU
		{CA8E3253-CA39-47F2-A7C8-BD3A2AF8134D}.Debug|Any CPU.Build.0 = Debug|Any CPU
		{CA8E3253-CA39-47F2-A7C8-BD3A2AF8134D}.Release|Any CPU.ActiveCfg = Release|Any CPU
		{CA8E3253-CA39-47F2-A7C8-BD3A2AF8134D}.Release|Any CPU.Build.0 = Release|Any CPU
	EndGlobalSection
	GlobalSection(SolutionProperties) = preSolution
		HideSolutionNode = FALSE
	EndGlobalSection
	GlobalSection(ExtensibilityGlobals) = postSolution
		SolutionGuid = {D3D17E08-C282-4603-AA63-7EE8F84175FB}
	EndGlobalSection
EndGlobal
